
Microsoft Visual Studio Solution File, Format Version 12.00
# Visual Studio Version 17
VisualStudioVersion = 17.9.34723.18
MinimumVisualStudioVersion = 10.0.40219.1
Project("{2150E333-8FDC-42A3-9474-1A3956D46DE8}") = "Services", "Services", "{00141156-3ABF-4493-BB5D-77C0649086DD}"
EndProject
Project("{2150E333-8FDC-42A3-9474-1A3956D46DE8}") = "Catalog", "Catalog", "{5B6D683A-A733-4773-8CF7-B58847DB76BE}"
EndProject
Project("{9A19103F-16F7-4668-BE54-9A1E7A4F7556}") = "Catalog.Api", "Services\Catalog\Catalog.Api\Catalog.Api\Catalog.Api.csproj", "{5F6D8B87-0B50-426D-9E0D-76A0E45D7A6E}"
EndProject
Project("{2150E333-8FDC-42A3-9474-1A3956D46DE8}") = "BuildingBlocks", "BuildingBlocks", "{FFDAEE42-676D-4DB6-B753-287C511E2B41}"
EndProject
Project("{9A19103F-16F7-4668-BE54-9A1E7A4F7556}") = "BuildingBlocks", "BuildingBlocks\BuildingBlocks\BuildingBlocks.csproj", "{739D7663-9163-4C72-A6CE-FCA72BA1CC59}"
EndProject
Project("{E53339B2-1760-4266-BCC7-CA923CBCF16C}") = "docker-compose", "docker-compose.dcproj", "{A867130B-7E87-4F5C-83B6-9D0EB81606C4}"
EndProject
Project("{2150E333-8FDC-42A3-9474-1A3956D46DE8}") = "Basket", "Basket", "{94424DCD-9D8A-411F-91BF-FAD7E15E3E42}"
EndProject
Project("{9A19103F-16F7-4668-BE54-9A1E7A4F7556}") = "Basket.Api", "Services\Basket\Basket.Api\Basket.Api.csproj", "{2D61E16E-D23E-4AF4-A405-835182926A9A}"
EndProject
Project("{2150E333-8FDC-42A3-9474-1A3956D46DE8}") = "Discount", "Discount", "{60A37130-54DF-4F58-B47A-84A87E437EAD}"
EndProject
Project("{FAE04EC0-301F-11D3-BF4B-00C04F79EFBC}") = "Discount.Grpc", "Services\Discount\Discount.Grpc\Discount.Grpc.csproj", "{AB5D03BF-8B5B-451F-802D-340E8C24CAD2}"
EndProject
Project("{2150E333-8FDC-42A3-9474-1A3956D46DE8}") = "Ordering", "Ordering", "{4631BDBD-FC2A-4BAD-A7AD-8FFA59FAD01A}"
EndProject
Project("{FAE04EC0-301F-11D3-BF4B-00C04F79EFBC}") = "Ordering.Api", "Services\Ordering\Ordering.Api\Ordering.Api.csproj", "{B2BD3DE9-5306-4C1D-96F4-ABE75C8C8B49}"
EndProject
Project("{FAE04EC0-301F-11D3-BF4B-00C04F79EFBC}") = "Ordering.Domain", "Services\Ordering\Ordering.Domain\Ordering.Domain.csproj", "{B9C9F368-3101-4F75-8355-CE1DD111015E}"
EndProject
Project("{FAE04EC0-301F-11D3-BF4B-00C04F79EFBC}") = "Ordering.Application", "Services\Ordering\Ordering.Application\Ordering.Application.csproj", "{A4CB69A6-78DC-4176-BB82-25926D46BEA7}"
EndProject
Project("{FAE04EC0-301F-11D3-BF4B-00C04F79EFBC}") = "Ordering.Infrastructure", "Services\Ordering\Ordering.Infrastructure\Ordering.Infrastructure.csproj", "{24BA5C1A-5F85-4C6D-80CA-577C76450FBE}"
EndProject
Global
	GlobalSection(SolutionConfigurationPlatforms) = preSolution
		Debug|Any CPU = Debug|Any CPU
		Release|Any CPU = Release|Any CPU
	EndGlobalSection
	GlobalSection(ProjectConfigurationPlatforms) = postSolution
		{5F6D8B87-0B50-426D-9E0D-76A0E45D7A6E}.Debug|Any CPU.ActiveCfg = Debug|Any CPU
		{5F6D8B87-0B50-426D-9E0D-76A0E45D7A6E}.Debug|Any CPU.Build.0 = Debug|Any CPU
		{5F6D8B87-0B50-426D-9E0D-76A0E45D7A6E}.Release|Any CPU.ActiveCfg = Release|Any CPU
		{5F6D8B87-0B50-426D-9E0D-76A0E45D7A6E}.Release|Any CPU.Build.0 = Release|Any CPU
		{739D7663-9163-4C72-A6CE-FCA72BA1CC59}.Debug|Any CPU.ActiveCfg = Debug|Any CPU
		{739D7663-9163-4C72-A6CE-FCA72BA1CC59}.Debug|Any CPU.Build.0 = Debug|Any CPU
		{739D7663-9163-4C72-A6CE-FCA72BA1CC59}.Release|Any CPU.ActiveCfg = Release|Any CPU
		{739D7663-9163-4C72-A6CE-FCA72BA1CC59}.Release|Any CPU.Build.0 = Release|Any CPU
		{A867130B-7E87-4F5C-83B6-9D0EB81606C4}.Debug|Any CPU.ActiveCfg = Debug|Any CPU
		{A867130B-7E87-4F5C-83B6-9D0EB81606C4}.Debug|Any CPU.Build.0 = Debug|Any CPU
		{A867130B-7E87-4F5C-83B6-9D0EB81606C4}.Release|Any CPU.ActiveCfg = Release|Any CPU
		{A867130B-7E87-4F5C-83B6-9D0EB81606C4}.Release|Any CPU.Build.0 = Release|Any CPU
		{2D61E16E-D23E-4AF4-A405-835182926A9A}.Debug|Any CPU.ActiveCfg = Debug|Any CPU
		{2D61E16E-D23E-4AF4-A405-835182926A9A}.Debug|Any CPU.Build.0 = Debug|Any CPU
		{2D61E16E-D23E-4AF4-A405-835182926A9A}.Release|Any CPU.ActiveCfg = Release|Any CPU
		{2D61E16E-D23E-4AF4-A405-835182926A9A}.Release|Any CPU.Build.0 = Release|Any CPU
		{AB5D03BF-8B5B-451F-802D-340E8C24CAD2}.Debug|Any CPU.ActiveCfg = Debug|Any CPU
		{AB5D03BF-8B5B-451F-802D-340E8C24CAD2}.Debug|Any CPU.Build.0 = Debug|Any CPU
		{AB5D03BF-8B5B-451F-802D-340E8C24CAD2}.Release|Any CPU.ActiveCfg = Release|Any CPU
		{AB5D03BF-8B5B-451F-802D-340E8C24CAD2}.Release|Any CPU.Build.0 = Release|Any CPU
		{B2BD3DE9-5306-4C1D-96F4-ABE75C8C8B49}.Debug|Any CPU.ActiveCfg = Debug|Any CPU
		{B2BD3DE9-5306-4C1D-96F4-ABE75C8C8B49}.Debug|Any CPU.Build.0 = Debug|Any CPU
		{B2BD3DE9-5306-4C1D-96F4-ABE75C8C8B49}.Release|Any CPU.ActiveCfg = Release|Any CPU
		{B2BD3DE9-5306-4C1D-96F4-ABE75C8C8B49}.Release|Any CPU.Build.0 = Release|Any CPU
		{B9C9F368-3101-4F75-8355-CE1DD111015E}.Debug|Any CPU.ActiveCfg = Debug|Any CPU
		{B9C9F368-3101-4F75-8355-CE1DD111015E}.Debug|Any CPU.Build.0 = Debug|Any CPU
		{B9C9F368-3101-4F75-8355-CE1DD111015E}.Release|Any CPU.ActiveCfg = Release|Any CPU
		{B9C9F368-3101-4F75-8355-CE1DD111015E}.Release|Any CPU.Build.0 = Release|Any CPU
		{A4CB69A6-78DC-4176-BB82-25926D46BEA7}.Debug|Any CPU.ActiveCfg = Debug|Any CPU
		{A4CB69A6-78DC-4176-BB82-25926D46BEA7}.Debug|Any CPU.Build.0 = Debug|Any CPU
		{A4CB69A6-78DC-4176-BB82-25926D46BEA7}.Release|Any CPU.ActiveCfg = Release|Any CPU
		{A4CB69A6-78DC-4176-BB82-25926D46BEA7}.Release|Any CPU.Build.0 = Release|Any CPU
		{24BA5C1A-5F85-4C6D-80CA-577C76450FBE}.Debug|Any CPU.ActiveCfg = Debug|Any CPU
		{24BA5C1A-5F85-4C6D-80CA-577C76450FBE}.Debug|Any CPU.Build.0 = Debug|Any CPU
		{24BA5C1A-5F85-4C6D-80CA-577C76450FBE}.Release|Any CPU.ActiveCfg = Release|Any CPU
		{24BA5C1A-5F85-4C6D-80CA-577C76450FBE}.Release|Any CPU.Build.0 = Release|Any CPU
	EndGlobalSection
	GlobalSection(SolutionProperties) = preSolution
		HideSolutionNode = FALSE
	EndGlobalSection
	GlobalSection(NestedProjects) = preSolution
		{5B6D683A-A733-4773-8CF7-B58847DB76BE} = {00141156-3ABF-4493-BB5D-77C0649086DD}
		{5F6D8B87-0B50-426D-9E0D-76A0E45D7A6E} = {5B6D683A-A733-4773-8CF7-B58847DB76BE}
		{739D7663-9163-4C72-A6CE-FCA72BA1CC59} = {FFDAEE42-676D-4DB6-B753-287C511E2B41}
		{94424DCD-9D8A-411F-91BF-FAD7E15E3E42} = {00141156-3ABF-4493-BB5D-77C0649086DD}
		{2D61E16E-D23E-4AF4-A405-835182926A9A} = {94424DCD-9D8A-411F-91BF-FAD7E15E3E42}
		{60A37130-54DF-4F58-B47A-84A87E437EAD} = {00141156-3ABF-4493-BB5D-77C0649086DD}
		{AB5D03BF-8B5B-451F-802D-340E8C24CAD2} = {60A37130-54DF-4F58-B47A-84A87E437EAD}
		{4631BDBD-FC2A-4BAD-A7AD-8FFA59FAD01A} = {00141156-3ABF-4493-BB5D-77C0649086DD}
		{B2BD3DE9-5306-4C1D-96F4-ABE75C8C8B49} = {4631BDBD-FC2A-4BAD-A7AD-8FFA59FAD01A}
		{B9C9F368-3101-4F75-8355-CE1DD111015E} = {4631BDBD-FC2A-4BAD-A7AD-8FFA59FAD01A}
		{A4CB69A6-78DC-4176-BB82-25926D46BEA7} = {4631BDBD-FC2A-4BAD-A7AD-8FFA59FAD01A}
		{24BA5C1A-5F85-4C6D-80CA-577C76450FBE} = {4631BDBD-FC2A-4BAD-A7AD-8FFA59FAD01A}
	EndGlobalSection
	GlobalSection(ExtensibilityGlobals) = postSolution
		SolutionGuid = {25169264-7E0F-434F-B395-047524A84300}
	EndGlobalSection
EndGlobal
